
Microsoft Visual Studio Solution File, Format Version 12.00
# Visual Studio 2013
VisualStudioVersion = 12.0.21005.1
MinimumVisualStudioVersion = 10.0.40219.1
Project("{FAE04EC0-301F-11D3-BF4B-00C04F79EFBC}") = "BaiduPanAPI", "BaiduPanAPI\BaiduPanAPI.csproj", "{81320D4E-94D6-40B9-9C51-41659706839D}"
EndProject
Project("{FAE04EC0-301F-11D3-BF4B-00C04F79EFBC}") = "BaiduOfflineDownloader", "BaiduOfflineDownloader\BaiduOfflineDownloader.csproj", "{07FF8456-37CE-4EA4-8CF8-E6085C0334DF}"
EndProject
Global
	GlobalSection(SolutionConfigurationPlatforms) = preSolution
		Debug|Any CPU = Debug|Any CPU
		Release|Any CPU = Release|Any CPU
	EndGlobalSection
	GlobalSection(ProjectConfigurationPlatforms) = postSolution
		{81320D4E-94D6-40B9-9C51-41659706839D}.Debug|Any CPU.ActiveCfg = Debug|Any CPU
		{81320D4E-94D6-40B9-9C51-41659706839D}.Debug|Any CPU.Build.0 = Debug|Any CPU
		{81320D4E-94D6-40B9-9C51-41659706839D}.Release|Any CPU.ActiveCfg = Release|Any CPU
		{81320D4E-94D6-40B9-9C51-41659706839D}.Release|Any CPU.Build.0 = Release|Any CPU
		{07FF8456-37CE-4EA4-8CF8-E6085C0334DF}.Debug|Any CPU.ActiveCfg = Debug|Any CPU
		{07FF8456-37CE-4EA4-8CF8-E6085C0334DF}.Debug|Any CPU.Build.0 = Debug|Any CPU
		{07FF8456-37CE-4EA4-8CF8-E6085C0334DF}.Release|Any CPU.ActiveCfg = Release|Any CPU
		{07FF8456-37CE-4EA4-8CF8-E6085C0334DF}.Release|Any CPU.Build.0 = Release|Any CPU
	EndGlobalSection
	GlobalSection(SolutionProperties) = preSolution
		HideSolutionNode = FALSE
	EndGlobalSection
EndGlobal
